
Microsoft Visual Studio Solution File, Format Version 12.00
# Visual Studio Version 17
VisualStudioVersion = 17.14.36518.9 d17.14
MinimumVisualStudioVersion = 10.0.40219.1
Project("{FAE04EC0-301F-11D3-BF4B-00C04F79EFBC}") = "DIP_Factory", "DIP_Factory\DIP_Factory.csproj", "{DD105A82-20B7-4305-8E07-20E08BCE8B74}"
EndProject
Global
	GlobalSection(SolutionConfigurationPlatforms) = preSolution
		Debug|Any CPU = Debug|Any CPU
		Release|Any CPU = Release|Any CPU
	EndGlobalSection
	GlobalSection(ProjectConfigurationPlatforms) = postSolution
		{DD105A82-20B7-4305-8E07-20E08BCE8B74}.Debug|Any CPU.ActiveCfg = Debug|Any CPU
		{DD105A82-20B7-4305-8E07-20E08BCE8B74}.Debug|Any CPU.Build.0 = Debug|Any CPU
		{DD105A82-20B7-4305-8E07-20E08BCE8B74}.Release|Any CPU.ActiveCfg = Release|Any CPU
		{DD105A82-20B7-4305-8E07-20E08BCE8B74}.Release|Any CPU.Build.0 = Release|Any CPU
	EndGlobalSection
	GlobalSection(SolutionProperties) = preSolution
		HideSolutionNode = FALSE
	EndGlobalSection
	GlobalSection(ExtensibilityGlobals) = postSolution
		SolutionGuid = {F9B42717-E5A7-4E28-A74A-AB04AE9F6068}
	EndGlobalSection
EndGlobal
